// !$*UTF8*$!
{
	archiveVersion = 1;
	classes = {
	};
	objectVersion = 46;
	objects = {

/* Begin PBXBuildFile section */
		823E0745EB491CD12E3D720B /* libPods-instagram-viewer.a in Frameworks */ = {isa = PBXBuildFile; fileRef = 9AA9C8AC418C4299933EC257 /* libPods-instagram-viewer.a */; };
		D1F0A3381BEDBCC9002AE893 /* main.m in Sources */ = {isa = PBXBuildFile; fileRef = D1F0A3371BEDBCC9002AE893 /* main.m */; };
		D1F0A33B1BEDBCC9002AE893 /* AppDelegate.m in Sources */ = {isa = PBXBuildFile; fileRef = D1F0A33A1BEDBCC9002AE893 /* AppDelegate.m */; };
		D1F0A33E1BEDBCC9002AE893 /* MainViewerController.m in Sources */ = {isa = PBXBuildFile; fileRef = D1F0A33D1BEDBCC9002AE893 /* MainViewerController.m */; };
		D1F0A3431BEDBCC9002AE893 /* Assets.xcassets in Resources */ = {isa = PBXBuildFile; fileRef = D1F0A3421BEDBCC9002AE893 /* Assets.xcassets */; };
		D1F0A3461BEDBCC9002AE893 /* LaunchScreen.storyboard in Resources */ = {isa = PBXBuildFile; fileRef = D1F0A3441BEDBCC9002AE893 /* LaunchScreen.storyboard */; };
		D1F0A3521BEDC491002AE893 /* GridCell.m in Sources */ = {isa = PBXBuildFile; fileRef = D1F0A3511BEDC491002AE893 /* GridCell.m */; };
		D1F0A3571BEDC4A5002AE893 /* LoginViewController.m in Sources */ = {isa = PBXBuildFile; fileRef = D1F0A3541BEDC4A5002AE893 /* LoginViewController.m */; };
		D1F0A35E1BEE0BF2002AE893 /* DetailViewController.m in Sources */ = {isa = PBXBuildFile; fileRef = D1F0A35D1BEE0BF2002AE893 /* DetailViewController.m */; };
		D1F0A3611BEE0EEE002AE893 /* DetailCell.m in Sources */ = {isa = PBXBuildFile; fileRef = D1F0A3601BEE0EEE002AE893 /* DetailCell.m */; };
		D1F0A3641BEE2AC7002AE893 /* IVLoader.m in Sources */ = {isa = PBXBuildFile; fileRef = D1F0A3631BEE2AC7002AE893 /* IVLoader.m */; };
		D1F0A36E1BEEF0E0002AE893 /* UserViewController.m in Sources */ = {isa = PBXBuildFile; fileRef = D1F0A36D1BEEF0E0002AE893 /* UserViewController.m */; };
		D1F0A3711BEF002A002AE893 /* UserView.m in Sources */ = {isa = PBXBuildFile; fileRef = D1F0A3701BEF002A002AE893 /* UserView.m */; };
/* End PBXBuildFile section */

/* Begin PBXFileReference section */
		3DA353480F7AA8684C9C6D0E /* Pods-instagram-viewer.release.xcconfig */ = {isa = PBXFileReference; includeInIndex = 1; lastKnownFileType = text.xcconfig; name = "Pods-instagram-viewer.release.xcconfig"; path = "Pods/Target Support Files/Pods-instagram-viewer/Pods-instagram-viewer.release.xcconfig"; sourceTree = "<group>"; };
		9AA9C8AC418C4299933EC257 /* libPods-instagram-viewer.a */ = {isa = PBXFileReference; explicitFileType = archive.ar; includeInIndex = 0; path = "libPods-instagram-viewer.a"; sourceTree = BUILT_PRODUCTS_DIR; };
		9C4935AE5D00E1630C87DC41 /* Pods-instagram-viewer.debug.xcconfig */ = {isa = PBXFileReference; includeInIndex = 1; lastKnownFileType = text.xcconfig; name = "Pods-instagram-viewer.debug.xcconfig"; path = "Pods/Target Support Files/Pods-instagram-viewer/Pods-instagram-viewer.debug.xcconfig"; sourceTree = "<group>"; };
		D1F0A3331BEDBCC9002AE893 /* instagram-viewer.app */ = {isa = PBXFileReference; explicitFileType = wrapper.application; includeInIndex = 0; path = "instagram-viewer.app"; sourceTree = BUILT_PRODUCTS_DIR; };
		D1F0A3371BEDBCC9002AE893 /* main.m */ = {isa = PBXFileReference; lastKnownFileType = sourcecode.c.objc; path = main.m; sourceTree = "<group>"; };
		D1F0A3391BEDBCC9002AE893 /* AppDelegate.h */ = {isa = PBXFileReference; lastKnownFileType = sourcecode.c.h; path = AppDelegate.h; sourceTree = "<group>"; };
		D1F0A33A1BEDBCC9002AE893 /* AppDelegate.m */ = {isa = PBXFileReference; lastKnownFileType = sourcecode.c.objc; path = AppDelegate.m; sourceTree = "<group>"; };
		D1F0A33C1BEDBCC9002AE893 /* MainViewerController.h */ = {isa = PBXFileReference; lastKnownFileType = sourcecode.c.h; path = MainViewerController.h; sourceTree = "<group>"; };
		D1F0A33D1BEDBCC9002AE893 /* MainViewerController.m */ = {isa = PBXFileReference; lastKnownFileType = sourcecode.c.objc; path = MainViewerController.m; sourceTree = "<group>"; };
		D1F0A3421BEDBCC9002AE893 /* Assets.xcassets */ = {isa = PBXFileReference; lastKnownFileType = folder.assetcatalog; path = Assets.xcassets; sourceTree = "<group>"; };
		D1F0A3451BEDBCC9002AE893 /* Base */ = {isa = PBXFileReference; lastKnownFileType = file.storyboard; name = Base; path = Base.lproj/LaunchScreen.storyboard; sourceTree = "<group>"; };
		D1F0A3471BEDBCC9002AE893 /* Info.plist */ = {isa = PBXFileReference; lastKnownFileType = text.plist.xml; path = Info.plist; sourceTree = "<group>"; };
		D1F0A3501BEDC491002AE893 /* GridCell.h */ = {isa = PBXFileReference; fileEncoding = 4; lastKnownFileType = sourcecode.c.h; path = GridCell.h; sourceTree = "<group>"; };
		D1F0A3511BEDC491002AE893 /* GridCell.m */ = {isa = PBXFileReference; fileEncoding = 4; lastKnownFileType = sourcecode.c.objc; path = GridCell.m; sourceTree = "<group>"; };
		D1F0A3531BEDC4A5002AE893 /* LoginViewController.h */ = {isa = PBXFileReference; fileEncoding = 4; lastKnownFileType = sourcecode.c.h; path = LoginViewController.h; sourceTree = "<group>"; };
		D1F0A3541BEDC4A5002AE893 /* LoginViewController.m */ = {isa = PBXFileReference; fileEncoding = 4; lastKnownFileType = sourcecode.c.objc; path = LoginViewController.m; sourceTree = "<group>"; };
		D1F0A35C1BEE0BF2002AE893 /* DetailViewController.h */ = {isa = PBXFileReference; fileEncoding = 4; lastKnownFileType = sourcecode.c.h; path = DetailViewController.h; sourceTree = "<group>"; };
		D1F0A35D1BEE0BF2002AE893 /* DetailViewController.m */ = {isa = PBXFileReference; fileEncoding = 4; lastKnownFileType = sourcecode.c.objc; path = DetailViewController.m; sourceTree = "<group>"; };
		D1F0A35F1BEE0EEE002AE893 /* DetailCell.h */ = {isa = PBXFileReference; fileEncoding = 4; lastKnownFileType = sourcecode.c.h; path = DetailCell.h; sourceTree = "<group>"; };
		D1F0A3601BEE0EEE002AE893 /* DetailCell.m */ = {isa = PBXFileReference; fileEncoding = 4; lastKnownFileType = sourcecode.c.objc; path = DetailCell.m; sourceTree = "<group>"; };
		D1F0A3621BEE2AC7002AE893 /* IVLoader.h */ = {isa = PBXFileReference; fileEncoding = 4; lastKnownFileType = sourcecode.c.h; path = IVLoader.h; sourceTree = "<group>"; };
		D1F0A3631BEE2AC7002AE893 /* IVLoader.m */ = {isa = PBXFileReference; fileEncoding = 4; lastKnownFileType = sourcecode.c.objc; path = IVLoader.m; sourceTree = "<group>"; };
		D1F0A36B1BEEE260002AE893 /* InstagramView-Prefix.pch */ = {isa = PBXFileReference; fileEncoding = 4; lastKnownFileType = sourcecode.c.h; path = "InstagramView-Prefix.pch"; sourceTree = "<group>"; };
		D1F0A36C1BEEF0E0002AE893 /* UserViewController.h */ = {isa = PBXFileReference; fileEncoding = 4; lastKnownFileType = sourcecode.c.h; path = UserViewController.h; sourceTree = "<group>"; };
		D1F0A36D1BEEF0E0002AE893 /* UserViewController.m */ = {isa = PBXFileReference; fileEncoding = 4; lastKnownFileType = sourcecode.c.objc; path = UserViewController.m; sourceTree = "<group>"; };
		D1F0A36F1BEF002A002AE893 /* UserView.h */ = {isa = PBXFileReference; fileEncoding = 4; lastKnownFileType = sourcecode.c.h; path = UserView.h; sourceTree = "<group>"; };
		D1F0A3701BEF002A002AE893 /* UserView.m */ = {isa = PBXFileReference; fileEncoding = 4; lastKnownFileType = sourcecode.c.objc; path = UserView.m; sourceTree = "<group>"; };
/* End PBXFileReference section */

/* Begin PBXFrameworksBuildPhase section */
		D1F0A3301BEDBCC9002AE893 /* Frameworks */ = {
			isa = PBXFrameworksBuildPhase;
			buildActionMask = 2147483647;
			files = (
				823E0745EB491CD12E3D720B /* libPods-instagram-viewer.a in Frameworks */,
			);
			runOnlyForDeploymentPostprocessing = 0;
		};
/* End PBXFrameworksBuildPhase section */

/* Begin PBXGroup section */
		3AFFA4790FCD32CA6EF435C8 /* Pods */ = {
			isa = PBXGroup;
			children = (
				9C4935AE5D00E1630C87DC41 /* Pods-instagram-viewer.debug.xcconfig */,
				3DA353480F7AA8684C9C6D0E /* Pods-instagram-viewer.release.xcconfig */,
			);
			name = Pods;
			sourceTree = "<group>";
		};
		C4179FFA92111D1E151405C3 /* Frameworks */ = {
			isa = PBXGroup;
			children = (
				9AA9C8AC418C4299933EC257 /* libPods-instagram-viewer.a */,
			);
			name = Frameworks;
			sourceTree = "<group>";
		};
		D1F0A32A1BEDBCC9002AE893 = {
			isa = PBXGroup;
			children = (
				D1F0A3351BEDBCC9002AE893 /* instagram-viewer */,
				D1F0A3341BEDBCC9002AE893 /* Products */,
				3AFFA4790FCD32CA6EF435C8 /* Pods */,
				C4179FFA92111D1E151405C3 /* Frameworks */,
			);
			sourceTree = "<group>";
		};
		D1F0A3341BEDBCC9002AE893 /* Products */ = {
			isa = PBXGroup;
			children = (
				D1F0A3331BEDBCC9002AE893 /* instagram-viewer.app */,
			);
			name = Products;
			sourceTree = "<group>";
		};
		D1F0A3351BEDBCC9002AE893 /* instagram-viewer */ = {
			isa = PBXGroup;
			children = (
				D1F0A36A1BEE6DA9002AE893 /* Utils */,
				D1F0A3691BEE6D8C002AE893 /* Views */,
				D1F0A3681BEE6D73002AE893 /* Controllers */,
				D1F0A3391BEDBCC9002AE893 /* AppDelegate.h */,
				D1F0A33A1BEDBCC9002AE893 /* AppDelegate.m */,
				D1F0A3421BEDBCC9002AE893 /* Assets.xcassets */,
				D1F0A3441BEDBCC9002AE893 /* LaunchScreen.storyboard */,
				D1F0A3471BEDBCC9002AE893 /* Info.plist */,
				D1F0A3361BEDBCC9002AE893 /* Supporting Files */,
			);
			path = "instagram-viewer";
			sourceTree = "<group>";
		};
		D1F0A3361BEDBCC9002AE893 /* Supporting Files */ = {
			isa = PBXGroup;
			children = (
				D1F0A3371BEDBCC9002AE893 /* main.m */,
				D1F0A36B1BEEE260002AE893 /* InstagramView-Prefix.pch */,
			);
			name = "Supporting Files";
			sourceTree = "<group>";
		};
		D1F0A3681BEE6D73002AE893 /* Controllers */ = {
			isa = PBXGroup;
			children = (
				D1F0A3531BEDC4A5002AE893 /* LoginViewController.h */,
				D1F0A3541BEDC4A5002AE893 /* LoginViewController.m */,
				D1F0A33C1BEDBCC9002AE893 /* MainViewerController.h */,
				D1F0A33D1BEDBCC9002AE893 /* MainViewerController.m */,
				D1F0A35C1BEE0BF2002AE893 /* DetailViewController.h */,
				D1F0A35D1BEE0BF2002AE893 /* DetailViewController.m */,
				D1F0A36C1BEEF0E0002AE893 /* UserViewController.h */,
				D1F0A36D1BEEF0E0002AE893 /* UserViewController.m */,
			);
			name = Controllers;
			sourceTree = "<group>";
		};
		D1F0A3691BEE6D8C002AE893 /* Views */ = {
			isa = PBXGroup;
			children = (
				D1F0A3501BEDC491002AE893 /* GridCell.h */,
				D1F0A3511BEDC491002AE893 /* GridCell.m */,
				D1F0A35F1BEE0EEE002AE893 /* DetailCell.h */,
				D1F0A3601BEE0EEE002AE893 /* DetailCell.m */,
				D1F0A36F1BEF002A002AE893 /* UserView.h */,
				D1F0A3701BEF002A002AE893 /* UserView.m */,
			);
			name = Views;
			sourceTree = "<group>";
		};
		D1F0A36A1BEE6DA9002AE893 /* Utils */ = {
			isa = PBXGroup;
			children = (
				D1F0A3621BEE2AC7002AE893 /* IVLoader.h */,
				D1F0A3631BEE2AC7002AE893 /* IVLoader.m */,
			);
			name = Utils;
			sourceTree = "<group>";
		};
/* End PBXGroup section */

/* Begin PBXNativeTarget section */
		D1F0A3321BEDBCC9002AE893 /* instagram-viewer */ = {
			isa = PBXNativeTarget;
			buildConfigurationList = D1F0A34A1BEDBCC9002AE893 /* Build configuration list for PBXNativeTarget "instagram-viewer" */;
			buildPhases = (
				6207156BE6FCD36E3CB029FB /* Check Pods Manifest.lock */,
				D1F0A32F1BEDBCC9002AE893 /* Sources */,
				D1F0A3301BEDBCC9002AE893 /* Frameworks */,
				D1F0A3311BEDBCC9002AE893 /* Resources */,
				B5F89EECC6F90A3A1648D60C /* Embed Pods Frameworks */,
				D7C55576CF42E6B297D092DA /* Copy Pods Resources */,
			);
			buildRules = (
			);
			dependencies = (
			);
			name = "instagram-viewer";
			productName = "instagram-viewer";
			productReference = D1F0A3331BEDBCC9002AE893 /* instagram-viewer.app */;
			productType = "com.apple.product-type.application";
		};
/* End PBXNativeTarget section */

/* Begin PBXProject section */
		D1F0A32B1BEDBCC9002AE893 /* Project object */ = {
			isa = PBXProject;
			attributes = {
				LastUpgradeCheck = 0710;
				ORGANIZATIONNAME = superdami;
				TargetAttributes = {
					D1F0A3321BEDBCC9002AE893 = {
						CreatedOnToolsVersion = 7.1;
					};
				};
			};
			buildConfigurationList = D1F0A32E1BEDBCC9002AE893 /* Build configuration list for PBXProject "instagram-viewer" */;
			compatibilityVersion = "Xcode 3.2";
			developmentRegion = English;
			hasScannedForEncodings = 0;
			knownRegions = (
				en,
				Base,
			);
			mainGroup = D1F0A32A1BEDBCC9002AE893;
			productRefGroup = D1F0A3341BEDBCC9002AE893 /* Products */;
			projectDirPath = "";
			projectRoot = "";
			targets = (
				D1F0A3321BEDBCC9002AE893 /* instagram-viewer */,
			);
		};
/* End PBXProject section */

/* Begin PBXResourcesBuildPhase section */
		D1F0A3311BEDBCC9002AE893 /* Resources */ = {
			isa = PBXResourcesBuildPhase;
			buildActionMask = 2147483647;
			files = (
				D1F0A3461BEDBCC9002AE893 /* LaunchScreen.storyboard in Resources */,
				D1F0A3431BEDBCC9002AE893 /* Assets.xcassets in Resources */,
			);
			runOnlyForDeploymentPostprocessing = 0;
		};
/* End PBXResourcesBuildPhase section */

/* Begin PBXShellScriptBuildPhase section */
		6207156BE6FCD36E3CB029FB /* Check Pods Manifest.lock */ = {
			isa = PBXShellScriptBuildPhase;
			buildActionMask = 2147483647;
			files = (
			);
			inputPaths = (
			);
			name = "Check Pods Manifest.lock";
			outputPaths = (
			);
			runOnlyForDeploymentPostprocessing = 0;
			shellPath = /bin/sh;
			shellScript = "diff \"${PODS_ROOT}/../Podfile.lock\" \"${PODS_ROOT}/Manifest.lock\" > /dev/null\nif [[ $? != 0 ]] ; then\n    cat << EOM\nerror: The sandbox is not in sync with the Podfile.lock. Run 'pod install' or update your CocoaPods installation.\nEOM\n    exit 1\nfi\n";
			showEnvVarsInLog = 0;
		};
		B5F89EECC6F90A3A1648D60C /* Embed Pods Frameworks */ = {
			isa = PBXShellScriptBuildPhase;
			buildActionMask = 2147483647;
			files = (
			);
			inputPaths = (
			);
			name = "Embed Pods Frameworks";
			outputPaths = (
			);
			runOnlyForDeploymentPostprocessing = 0;
			shellPath = /bin/sh;
			shellScript = "\"${SRCROOT}/Pods/Target Support Files/Pods-instagram-viewer/Pods-instagram-viewer-frameworks.sh\"\n";
			showEnvVarsInLog = 0;
		};
		D7C55576CF42E6B297D092DA /* Copy Pods Resources */ = {
			isa = PBXShellScriptBuildPhase;
			buildActionMask = 2147483647;
			files = (
			);
			inputPaths = (
			);
			name = "Copy Pods Resources";
			outputPaths = (
			);
			runOnlyForDeploymentPostprocessing = 0;
			shellPath = /bin/sh;
			shellScript = "\"${SRCROOT}/Pods/Target Support Files/Pods-instagram-viewer/Pods-instagram-viewer-resources.sh\"\n";
			showEnvVarsInLog = 0;
		};
/* End PBXShellScriptBuildPhase section */

/* Begin PBXSourcesBuildPhase section */
		D1F0A32F1BEDBCC9002AE893 /* Sources */ = {
			isa = PBXSourcesBuildPhase;
			buildActionMask = 2147483647;
			files = (
				D1F0A36E1BEEF0E0002AE893 /* UserViewController.m in Sources */,
				D1F0A33E1BEDBCC9002AE893 /* MainViewerController.m in Sources */,
				D1F0A3571BEDC4A5002AE893 /* LoginViewController.m in Sources */,
				D1F0A3711BEF002A002AE893 /* UserView.m in Sources */,
				D1F0A3611BEE0EEE002AE893 /* DetailCell.m in Sources */,
				D1F0A3641BEE2AC7002AE893 /* IVLoader.m in Sources */,
				D1F0A33B1BEDBCC9002AE893 /* AppDelegate.m in Sources */,
				D1F0A3381BEDBCC9002AE893 /* main.m in Sources */,
				D1F0A3521BEDC491002AE893 /* GridCell.m in Sources */,
				D1F0A35E1BEE0BF2002AE893 /* DetailViewController.m in Sources */,
			);
			runOnlyForDeploymentPostprocessing = 0;
		};
/* End PBXSourcesBuildPhase section */

/* Begin PBXVariantGroup section */
		D1F0A3441BEDBCC9002AE893 /* LaunchScreen.storyboard */ = {
			isa = PBXVariantGroup;
			children = (
				D1F0A3451BEDBCC9002AE893 /* Base */,
			);
			name = LaunchScreen.storyboard;
			sourceTree = "<group>";
		};
/* End PBXVariantGroup section */

/* Begin XCBuildConfiguration section */
		D1F0A3481BEDBCC9002AE893 /* Debug */ = {
			isa = XCBuildConfiguration;
			buildSettings = {
				ALWAYS_SEARCH_USER_PATHS = NO;
				CLANG_CXX_LANGUAGE_STANDARD = "gnu++0x";
				CLANG_CXX_LIBRARY = "libc++";
				CLANG_ENABLE_MODULES = YES;
				CLANG_ENABLE_OBJC_ARC = YES;
				CLANG_WARN_BOOL_CONVERSION = YES;
				CLANG_WARN_CONSTANT_CONVERSION = YES;
				CLANG_WARN_DIRECT_OBJC_ISA_USAGE = YES_ERROR;
				CLANG_WARN_EMPTY_BODY = YES;
				CLANG_WARN_ENUM_CONVERSION = YES;
				CLANG_WARN_INT_CONVERSION = YES;
				CLANG_WARN_OBJC_ROOT_CLASS = YES_ERROR;
				CLANG_WARN_UNREACHABLE_CODE = YES;
				CLANG_WARN__DUPLICATE_METHOD_MATCH = YES;
				"CODE_SIGN_IDENTITY[sdk=iphoneos*]" = "iPhone Developer";
				COPY_PHASE_STRIP = NO;
				DEBUG_INFORMATION_FORMAT = dwarf;
				ENABLE_STRICT_OBJC_MSGSEND = YES;
				ENABLE_TESTABILITY = YES;
				GCC_C_LANGUAGE_STANDARD = gnu99;
				GCC_DYNAMIC_NO_PIC = NO;
				GCC_NO_COMMON_BLOCKS = YES;
				GCC_OPTIMIZATION_LEVEL = 0;
				GCC_PREPROCESSOR_DEFINITIONS = (
					"DEBUG=1",
					"$(inherited)",
				);
				GCC_WARN_64_TO_32_BIT_CONVERSION = YES;
				GCC_WARN_ABOUT_RETURN_TYPE = YES_ERROR;
				GCC_WARN_UNDECLARED_SELECTOR = YES;
				GCC_WARN_UNINITIALIZED_AUTOS = YES_AGGRESSIVE;
				GCC_WARN_UNUSED_FUNCTION = YES;
				GCC_WARN_UNUSED_VARIABLE = YES;
				IPHONEOS_DEPLOYMENT_TARGET = 9.1;
				MTL_ENABLE_DEBUG_INFO = YES;
				ONLY_ACTIVE_ARCH = YES;
				SDKROOT = iphoneos;
			};
			name = Debug;
		};
		D1F0A3491BEDBCC9002AE893 /* Release */ = {
			isa = XCBuildConfiguration;
			buildSettings = {
				ALWAYS_SEARCH_USER_PATHS = NO;
				CLANG_CXX_LANGUAGE_STANDARD = "gnu++0x";
				CLANG_CXX_LIBRARY = "libc++";
				CLANG_ENABLE_MODULES = YES;
				CLANG_ENABLE_OBJC_ARC = YES;
				CLANG_WARN_BOOL_CONVERSION = YES;
				CLANG_WARN_CONSTANT_CONVERSION = YES;
				CLANG_WARN_DIRECT_OBJC_ISA_USAGE = YES_ERROR;
				CLANG_WARN_EMPTY_BODY = YES;
				CLANG_WARN_ENUM_CONVERSION = YES;
				CLANG_WARN_INT_CONVERSION = YES;
				CLANG_WARN_OBJC_ROOT_CLASS = YES_ERROR;
				CLANG_WARN_UNREACHABLE_CODE = YES;
				CLANG_WARN__DUPLICATE_METHOD_MATCH = YES;
				"CODE_SIGN_IDENTITY[sdk=iphoneos*]" = "iPhone Developer";
				COPY_PHASE_STRIP = NO;
				DEBUG_INFORMATION_FORMAT = "dwarf-with-dsym";
				ENABLE_NS_ASSERTIONS = NO;
				ENABLE_STRICT_OBJC_MSGSEND = YES;
				GCC_C_LANGUAGE_STANDARD = gnu99;
				GCC_NO_COMMON_BLOCKS = YES;
				GCC_WARN_64_TO_32_BIT_CONVERSION = YES;
				GCC_WARN_ABOUT_RETURN_TYPE = YES_ERROR;
				GCC_WARN_UNDECLARED_SELECTOR = YES;
				GCC_WARN_UNINITIALIZED_AUTOS = YES_AGGRESSIVE;
				GCC_WARN_UNUSED_FUNCTION = YES;
				GCC_WARN_UNUSED_VARIABLE = YES;
				IPHONEOS_DEPLOYMENT_TARGET = 9.1;
				MTL_ENABLE_DEBUG_INFO = NO;
				SDKROOT = iphoneos;
				VALIDATE_PRODUCT = YES;
			};
			name = Release;
		};
		D1F0A34B1BEDBCC9002AE893 /* Debug */ = {
			isa = XCBuildConfiguration;
			baseConfigurationReference = 9C4935AE5D00E1630C87DC41 /* Pods-instagram-viewer.debug.xcconfig */;
			buildSettings = {
				ASSETCATALOG_COMPILER_APPICON_NAME = AppIcon;
				GCC_PREFIX_HEADER = "instagram-viewer/InstagramView-Prefix.pch";
				INFOPLIST_FILE = "instagram-viewer/Info.plist";
				LD_RUNPATH_SEARCH_PATHS = "$(inherited) @executable_path/Frameworks";
				PRODUCT_BUNDLE_IDENTIFIER = "superdami.instagram-viewer";
				PRODUCT_NAME = "$(TARGET_NAME)";
			};
			name = Debug;
		};
		D1F0A34C1BEDBCC9002AE893 /* Release */ = {
			isa = XCBuildConfiguration;
			baseConfigurationReference = 3DA353480F7AA8684C9C6D0E /* Pods-instagram-viewer.release.xcconfig */;
			buildSettings = {
				ASSETCATALOG_COMPILER_APPICON_NAME = AppIcon;
				GCC_PREFIX_HEADER = "instagram-viewer/InstagramView-Prefix.pch";
				INFOPLIST_FILE = "instagram-viewer/Info.plist";
				LD_RUNPATH_SEARCH_PATHS = "$(inherited) @executable_path/Frameworks";
				PRODUCT_BUNDLE_IDENTIFIER = "superdami.instagram-viewer";
				PRODUCT_NAME = "$(TARGET_NAME)";
			};
			name = Release;
		};
/* End XCBuildConfiguration section */

/* Begin XCConfigurationList section */
		D1F0A32E1BEDBCC9002AE893 /* Build configuration list for PBXProject "instagram-viewer" */ = {
			isa = XCConfigurationList;
			buildConfigurations = (
				D1F0A3481BEDBCC9002AE893 /* Debug */,
				D1F0A3491BEDBCC9002AE893 /* Release */,
			);
			defaultConfigurationIsVisible = 0;
			defaultConfigurationName = Release;
		};
		D1F0A34A1BEDBCC9002AE893 /* Build configuration list for PBXNativeTarget "instagram-viewer" */ = {
			isa = XCConfigurationList;
			buildConfigurations = (
				D1F0A34B1BEDBCC9002AE893 /* Debug */,
				D1F0A34C1BEDBCC9002AE893 /* Release */,
			);
			defaultConfigurationIsVisible = 0;
			defaultConfigurationName = Release;
		};
/* End XCConfigurationList section */
	};
	rootObject = D1F0A32B1BEDBCC9002AE893 /* Project object */;
}
